{
  "name": "@zfdx123/dsh-codegraph",
  "version": "1.3.0",
  "lockfileVersion": 3,
  "requires": true,
  "packages": {
    "": {
      "name": "@zfdx123/dsh-codegraph",
      "version": "1.3.0",
      "license": "MIT",
      "devDependencies": {
        "@deepseek-ai/dsh-llm": "^0.1.6-alpha.1",
        "@deepseek-ai/dsh-tools": "^0.1.6-alpha.1",
        "@deepseek-ai/schemastery": "3.18.2"
      },
      "engines": {
        "dsh": "^0.1.6-alpha.1",
        "node": ">=22"
      },
      "peerDependencies": {
        "@deepseek-ai/dsh-llm": ">=0.1.5-rc.1 <0.2.0 || >=0.1.6-alpha.1 <0.2.0",
        "@deepseek-ai/dsh-tools": ">=0.1.5-rc.1 <0.2.0 || >=0.1.6-alpha.1 <0.2.0",
        "@deepseek-ai/schemastery": "^3.18.1"
      }
    },
    "node_modules/@deepseek-ai/cordis": {
      "version": "4.0.2",
      "resolved": "https://registry.npmmirror.com/@deepseek-ai/cordis/-/cordis-4.0.2.tgz",
      "integrity": "sha512-asOnXP1TzFSFQlHb1iegDZp0z/8WD1c7YNrwJR/Tx2bzNuMXfcekE/I67Iv6SQXeLB4csxqCngzQKANP7gdw0g==",
      "dev": true,
      "license": "MIT",
      "peer": true,
      "dependencies": {
        "@deepseek-ai/cosmokit": "^1.8.3",
        "@standard-schema/spec": "^1.1.0"
      },
      "bin": {
        "cordis": "bin.js"
      },
      "peerDependencies": {
        "@deepseek-ai/cordis-plugin-include": "^1.0.7",
        "@deepseek-ai/cordis-plugin-loader": "^1.0.3"
      },
      "peerDependenciesMeta": {
        "@deepseek-ai/cordis-plugin-include": {
          "optional": true
        },
        "@deepseek-ai/cordis-plugin-loader": {
          "optional": true
        }
      }
    },
    "node_modules/@deepseek-ai/cosmokit": {
      "version": "1.8.3",
      "resolved": "https://registry.npmmirror.com/@deepseek-ai/cosmokit/-/cosmokit-1.8.3.tgz",
      "integrity": "sha512-qBo+ronVM6Eu2WNVJXi8JcMiqZ19T9BRIpV+5qJUFPXjGH/Z0QKcQMC/IZJ7L394YTOtJgcovbk9qP0w2GsBXQ==",
      "dev": true,
      "license": "MIT"
    },
    "node_modules/@deepseek-ai/dsh-agent": {
      "version": "0.1.6-alpha.2",
      "resolved": "https://registry.npmmirror.com/@deepseek-ai/dsh-agent/-/dsh-agent-0.1.6-alpha.2.tgz",
      "integrity": "sha512-XEOytfXmJG6dyHld3Np0IYRrVPJnuoKKx2yQ+o74a7cN89k+J61c33D7zIcDG5rLkF7sMNM608ZkhfCWJuTcjg==",
      "dev": true,
      "license": "MIT",
      "peer": true,
      "peerDependencies": {
        "@deepseek-ai/cordis": "^4.0.2",
        "@deepseek-ai/dsh-invariants": "^0.1.6-alpha.2",
        "@deepseek-ai/dsh-llm": "^0.1.6-alpha.2",
        "@deepseek-ai/dsh-scope": "^0.1.6-alpha.2",
        "@deepseek-ai/dsh-session": "^0.1.6-alpha.2",
        "@deepseek-ai/dsh-session-projection": "^0.1.6-alpha.2",
        "@deepseek-ai/dsh-system-prompt": "^0.1.6-alpha.2",
        "@deepseek-ai/dsh-typert-protocol": "^0.1.6-alpha.2",
        "@deepseek-ai/dsh-util-values": "^0.1.6-alpha.2"
      }
    },
    "node_modules/@deepseek-ai/dsh-brand": {
      "version": "0.1.6-alpha.2",
      "resolved": "https://registry.npmmirror.com/@deepseek-ai/dsh-brand/-/dsh-brand-0.1.6-alpha.2.tgz",
      "integrity": "sha512-Fx+GKwkTjTVf6drn888j7vF5ak0/6mxHDF1bYH4FBsRI+h/8UmPAgIV5fAfT63GqBSXdgmVe/hdzdmXS2nq6Eg==",
      "dev": true,
      "license": "MIT",
      "peerDependencies": {
        "@deepseek-ai/cordis": "^4.0.2"
      }
    },
    "node_modules/@deepseek-ai/dsh-invariants": {
      "version": "0.1.6-alpha.2",
      "resolved": "https://registry.npmmirror.com/@deepseek-ai/dsh-invariants/-/dsh-invariants-0.1.6-alpha.2.tgz",
      "integrity": "sha512-YS4DysoPqwFx02istRp2FHN8XmJPRoPDc+pu56b/UtHovqIFzcX4QepQ4yRESDQ4SOO44KZBg72RxXma/9ziVw==",
      "dev": true,
      "license": "MIT",
      "peer": true,
      "dependencies": {
        "@deepseek-ai/schemastery": "^3.18.2"
      },
      "peerDependencies": {
        "@deepseek-ai/cordis": "^4.0.2"
      }
    },
    "node_modules/@deepseek-ai/dsh-llm": {
      "version": "0.1.6-alpha.2",
      "resolved": "https://registry.npmmirror.com/@deepseek-ai/dsh-llm/-/dsh-llm-0.1.6-alpha.2.tgz",
      "integrity": "sha512-kIQoqnD6jN3Z2qQ+gd0TrIwkEDfUZAPC3kkTUUv2yQm1GeDjB7JULwT1vGAKTbEqOhOpVfKhdp4wItpG5PclfA==",
      "dev": true,
      "license": "MIT",
      "dependencies": {
        "@deepseek-ai/dsh-brand": "^0.1.6-alpha.2",
        "@deepseek-ai/dsh-timeout": "^0.1.6-alpha.2",
        "@deepseek-ai/dsh-typert-protocol": "^0.1.6-alpha.2",
        "@deepseek-ai/dsh-util-crypto": "^0.1.6-alpha.2",
        "@deepseek-ai/dsh-util-values": "^0.1.6-alpha.2",
        "@deepseek-ai/schemastery": "^3.18.2",
        "zod": "^4.4.3"
      },
      "peerDependencies": {
        "@deepseek-ai/cordis": "^4.0.2"
      }
    },
    "node_modules/@deepseek-ai/dsh-ptc-runtime": {
      "version": "0.1.6-alpha.2",
      "resolved": "https://registry.npmmirror.com/@deepseek-ai/dsh-ptc-runtime/-/dsh-ptc-runtime-0.1.6-alpha.2.tgz",
      "integrity": "sha512-A5WjgPaEGqjzbe3Qq6Q4Dxh7FMmiki6beFEDmR9M64n6+g97eHPWF7jA7HRTEJ3rYD0kOno6bRWd84tngA5NWQ==",
      "dev": true,
      "license": "MIT",
      "peer": true,
      "peerDependencies": {
        "@deepseek-ai/cordis": "^4.0.2",
        "@deepseek-ai/dsh-sandbox": "^0.1.6-alpha.2"
      }
    },
    "node_modules/@deepseek-ai/dsh-sandbox": {
      "version": "0.1.6-alpha.2",
      "resolved": "https://registry.npmmirror.com/@deepseek-ai/dsh-sandbox/-/dsh-sandbox-0.1.6-alpha.2.tgz",
      "integrity": "sha512-WQ718npnJI1htC++wGxBll7iFlaOfgS1PpN+SoVzL39BcYuqp6zGP5CuLlxIIjz4uMs8bMbeQkk3MSl/mBV72g==",
      "dev": true,
      "license": "MIT",
      "peer": true,
      "dependencies": {
        "@deepseek-ai/dsh-util-values": "^0.1.6-alpha.2"
      },
      "peerDependencies": {
        "@deepseek-ai/cordis": "^4.0.2",
        "@deepseek-ai/dsh-llm": "^0.1.6-alpha.2",
        "@deepseek-ai/dsh-session": "^0.1.6-alpha.2"
      }
    },
    "node_modules/@deepseek-ai/dsh-sandbox-policy": {
      "version": "0.1.6-alpha.2",
      "resolved": "https://registry.npmmirror.com/@deepseek-ai/dsh-sandbox-policy/-/dsh-sandbox-policy-0.1.6-alpha.2.tgz",
      "integrity": "sha512-yeLbgxCuCl5xUA1/eAzduBl82/WQuBNmNqYddMMNgSp79Vpb6YcvDY8Q0DC00Uaviz8rpPgQ91K60biU4p4FAQ==",
      "dev": true,
      "license": "MIT",
      "peer": true,
      "dependencies": {
        "@deepseek-ai/schemastery": "^3.18.2",
        "zod": "^4.4.3"
      },
      "peerDependencies": {
        "@deepseek-ai/cordis": "^4.0.2",
        "@deepseek-ai/dsh-agent": "^0.1.6-alpha.2",
        "@deepseek-ai/dsh-invariants": "^0.1.6-alpha.2",
        "@deepseek-ai/dsh-sandbox": "^0.1.6-alpha.2",
        "@deepseek-ai/dsh-session": "^0.1.6-alpha.2",
        "@deepseek-ai/dsh-session-projection": "^0.1.6-alpha.2",
        "@deepseek-ai/dsh-system-prompt": "^0.1.6-alpha.2"
      }
    },
    "node_modules/@deepseek-ai/dsh-scope": {
      "version": "0.1.6-alpha.2",
      "resolved": "https://registry.npmmirror.com/@deepseek-ai/dsh-scope/-/dsh-scope-0.1.6-alpha.2.tgz",
      "integrity": "sha512-nbh9kxekeiZPYVG2Up3ufJsDZRHrXaBqOGutERMBw1IfFjE8EXZReDQV9F8qP1hQKIF1xkxFcGaPcFPbxJwDAw==",
      "dev": true,
      "license": "MIT",
      "peer": true,
      "peerDependencies": {
        "@deepseek-ai/cordis": "^4.0.2",
        "@deepseek-ai/dsh-invariants": "^0.1.6-alpha.2"
      }
    },
    "node_modules/@deepseek-ai/dsh-session": {
      "version": "0.1.6-alpha.2",
      "resolved": "https://registry.npmmirror.com/@deepseek-ai/dsh-session/-/dsh-session-0.1.6-alpha.2.tgz",
      "integrity": "sha512-WQNriZEQb0ykg+SDvqvNbp/AmG/DnydY5YdkTm5u3ST+PNXSQDLkaFzlY2YFU6hEuzs1h0yGCw6qPVpVGDAm1g==",
      "dev": true,
      "license": "MIT",
      "peer": true,
      "dependencies": {
        "@deepseek-ai/dsh-brand": "^0.1.6-alpha.2",
        "@deepseek-ai/dsh-llm": "^0.1.6-alpha.2",
        "@deepseek-ai/dsh-util-values": "^0.1.6-alpha.2"
      },
      "peerDependencies": {
        "@deepseek-ai/cordis": "^4.0.2",
        "@deepseek-ai/dsh-scope": "^0.1.6-alpha.2"
      }
    },
    "node_modules/@deepseek-ai/dsh-session-projection": {
      "version": "0.1.6-alpha.2",
      "resolved": "https://registry.npmmirror.com/@deepseek-ai/dsh-session-projection/-/dsh-session-projection-0.1.6-alpha.2.tgz",
      "integrity": "sha512-ig+XpRxv5N+gSpfy3IajvG5AlFm2UKfTKqqtem4DXwxCHIPoRbZnYWgwd/qFIl1bNNJHL6z1zjnOGGNeO640GA==",
      "dev": true,
      "license": "MIT",
      "peer": true,
      "dependencies": {
        "zod": "^4.4.3"
      },
      "peerDependencies": {
        "@deepseek-ai/cordis": "^4.0.2",
        "@deepseek-ai/dsh-session": "^0.1.6-alpha.2"
      }
    },
    "node_modules/@deepseek-ai/dsh-system-prompt": {
      "version": "0.1.6-alpha.2",
      "resolved": "https://registry.npmmirror.com/@deepseek-ai/dsh-system-prompt/-/dsh-system-prompt-0.1.6-alpha.2.tgz",
      "integrity": "sha512-nP+gpLPy4S1c8Rv3uZpmYB6J7gnMBwmehYWd/3oqPTWtcezj0L5opFkdfzrCrwEQLPgnTRgmr99OnBaJy2vZSQ==",
      "dev": true,
      "license": "MIT",
      "peer": true,
      "dependencies": {
        "@deepseek-ai/schemastery": "^3.18.2"
      },
      "peerDependencies": {
        "@deepseek-ai/cordis": "^4.0.2",
        "@deepseek-ai/dsh-invariants": "^0.1.6-alpha.2",
        "@deepseek-ai/dsh-llm": "^0.1.6-alpha.2",
        "@deepseek-ai/dsh-scope": "^0.1.6-alpha.2"
      }
    },
    "node_modules/@deepseek-ai/dsh-timeout": {
      "version": "0.1.6-alpha.2",
      "resolved": "https://registry.npmmirror.com/@deepseek-ai/dsh-timeout/-/dsh-timeout-0.1.6-alpha.2.tgz",
      "integrity": "sha512-Hdcv+GMyfJVENm7CFEjztwbpDfsND10HZ+Q/9Nnw5UqlCkyQd8alhW+I2xIDTZQVvlDnRcu6l8ix1k2OOmiFSA==",
      "dev": true,
      "license": "MIT",
      "peerDependencies": {
        "@deepseek-ai/cordis": "^4.0.2"
      }
    },
    "node_modules/@deepseek-ai/dsh-tools": {
      "version": "0.1.6-alpha.2",
      "resolved": "https://registry.npmmirror.com/@deepseek-ai/dsh-tools/-/dsh-tools-0.1.6-alpha.2.tgz",
      "integrity": "sha512-twRy/AffES124neGEpDLHjOTgcmWi8HtisTdTIm1b144LdEUBfU604A5N65muE+GfECDzyDKK/jJeLGuosMx2w==",
      "dev": true,
      "license": "MIT",
      "dependencies": {
        "@deepseek-ai/dsh-brand": "^0.1.6-alpha.2",
        "@deepseek-ai/dsh-util-values": "^0.1.6-alpha.2",
        "@deepseek-ai/schemastery": "^3.18.2"
      },
      "peerDependencies": {
        "@deepseek-ai/cordis": "^4.0.2",
        "@deepseek-ai/dsh-agent": "^0.1.6-alpha.2",
        "@deepseek-ai/dsh-invariants": "^0.1.6-alpha.2",
        "@deepseek-ai/dsh-llm": "^0.1.6-alpha.2",
        "@deepseek-ai/dsh-ptc-runtime": "^0.1.6-alpha.2",
        "@deepseek-ai/dsh-sandbox": "^0.1.6-alpha.2",
        "@deepseek-ai/dsh-sandbox-policy": "^0.1.6-alpha.2",
        "@deepseek-ai/dsh-scope": "^0.1.6-alpha.2",
        "@deepseek-ai/dsh-session": "^0.1.6-alpha.2",
        "@deepseek-ai/dsh-system-prompt": "^0.1.6-alpha.2",
        "@deepseek-ai/dsh-user-approval": "^0.1.6-alpha.2"
      }
    },
    "node_modules/@deepseek-ai/dsh-typert-protocol": {
      "version": "0.1.6-alpha.2",
      "resolved": "https://registry.npmmirror.com/@deepseek-ai/dsh-typert-protocol/-/dsh-typert-protocol-0.1.6-alpha.2.tgz",
      "integrity": "sha512-rC0XtllnwXXr+956y5r9E1CQIe/BA7AoNVZVW3+4srF7i4BoH90j64g4c3U+KsNLFC4dCOufNJ15kXKrMLMauQ==",
      "dev": true,
      "license": "MIT",
      "peerDependencies": {
        "@deepseek-ai/cordis": "^4.0.2"
      }
    },
    "node_modules/@deepseek-ai/dsh-user-approval": {
      "version": "0.1.6-alpha.2",
      "resolved": "https://registry.npmmirror.com/@deepseek-ai/dsh-user-approval/-/dsh-user-approval-0.1.6-alpha.2.tgz",
      "integrity": "sha512-PMV8LOBoO3xwXpxDHBhh7PHHSqxHCn8YmzTMeGA2VNCSsL4e4KHLuVMUKyhpsny6KdP8Y2GjBHaKg2ZxLuEbnA==",
      "dev": true,
      "license": "MIT",
      "peer": true,
      "dependencies": {
        "@deepseek-ai/schemastery": "^3.18.2"
      },
      "peerDependencies": {
        "@deepseek-ai/cordis": "^4.0.2",
        "@deepseek-ai/dsh-agent": "^0.1.6-alpha.2",
        "@deepseek-ai/dsh-brand": "^0.1.6-alpha.2",
        "@deepseek-ai/dsh-invariants": "^0.1.6-alpha.2",
        "@deepseek-ai/dsh-llm": "^0.1.6-alpha.2",
        "@deepseek-ai/dsh-scope": "^0.1.6-alpha.2",
        "@deepseek-ai/dsh-session": "^0.1.6-alpha.2",
        "@deepseek-ai/dsh-system-prompt": "^0.1.6-alpha.2"
      }
    },
    "node_modules/@deepseek-ai/dsh-util-crypto": {
      "version": "0.1.6-alpha.2",
      "resolved": "https://registry.npmmirror.com/@deepseek-ai/dsh-util-crypto/-/dsh-util-crypto-0.1.6-alpha.2.tgz",
      "integrity": "sha512-Jn+3w5pp+rBOSFekvtNWQAx2+M08ZxJmlVYn7OI6l5Gd9ISq4/T0v4yE07O9s7uU5zr7yZ9nq5CTUpcXCrBrxw==",
      "dev": true,
      "license": "MIT",
      "peerDependencies": {
        "@deepseek-ai/cordis": "^4.0.2"
      }
    },
    "node_modules/@deepseek-ai/dsh-util-values": {
      "version": "0.1.6-alpha.2",
      "resolved": "https://registry.npmmirror.com/@deepseek-ai/dsh-util-values/-/dsh-util-values-0.1.6-alpha.2.tgz",
      "integrity": "sha512-9p+4ffFjq7OIeYqvHlIhKs85MZrirdu9QYi+vknOwkgszZXAgoRbPnX0ZzhsTneFSqQgLEfBXtUHUtOI1iiB/Q==",
      "dev": true,
      "license": "MIT",
      "peerDependencies": {
        "@deepseek-ai/cordis": "^4.0.2"
      }
    },
    "node_modules/@deepseek-ai/schemastery": {
      "version": "3.18.2",
      "resolved": "https://registry.npmmirror.com/@deepseek-ai/schemastery/-/schemastery-3.18.2.tgz",
      "integrity": "sha512-njDtZsznjYxok7KLLlHOPyuv2efdWVbSflAHgztSfbMsg+CVraEoRe2DjOCgClYv3ZCSm7WXoaUkbB/+RY7tWQ==",
      "dev": true,
      "license": "MIT",
      "dependencies": {
        "@deepseek-ai/cosmokit": "^1.8.3",
        "@standard-schema/spec": "^1.1.0"
      }
    },
    "node_modules/@standard-schema/spec": {
      "version": "1.1.0",
      "resolved": "https://registry.npmmirror.com/@standard-schema/spec/-/spec-1.1.0.tgz",
      "integrity": "sha512-l2aFy5jALhniG5HgqrD6jXLi/rUWrKvqN/qJx6yoJsgKhblVd+iqqU4RCXavm/jPityDo5TCvKMnpjKnOriy0w==",
      "dev": true,
      "license": "MIT"
    },
    "node_modules/zod": {
      "version": "4.6.5",
      "resolved": "https://registry.npmmirror.com/zod/-/zod-4.6.5.tgz",
      "integrity": "sha512-v5l/aFXZQeai4awLbOpSoHecE9UiMrnfx75tEXLjNonXVARxQ5mOeipTjROUchszUNCqnE+hqAMujRsRHsut2Q==",
      "dev": true,
      "license": "MIT",
      "funding": {
        "url": "https://github.com/sponsors/colinhacks"
      }
    }
  }
}
