{
  "name": "@zfdx123/dsh-mcp-manager",
  "version": "1.0.13",
  "lockfileVersion": 3,
  "requires": true,
  "packages": {
    "": {
      "name": "@zfdx123/dsh-mcp-manager",
      "version": "1.0.13",
      "license": "MIT",
      "dependencies": {
        "@deepseek-ai/schemastery": "~3.18.5-alpha.1",
        "undici": "^7.0.0 || ^8.0.0"
      },
      "devDependencies": {
        "@deepseek-ai/cordis": "~4.0.5-alpha.1",
        "@deepseek-ai/dsh-mcp-client": "^0.2.1-alpha.2"
      },
      "engines": {
        "dsh": "^0.2.1-alpha.2",
        "node": "^22.19.0 || >=24.0.0"
      },
      "peerDependencies": {
        "@deepseek-ai/cordis": "~4.0.5-alpha.1",
        "@deepseek-ai/dsh-mcp-client": "^0.2.1-alpha.2",
        "@deepseek-ai/dsh-settings": "^0.2.1-alpha.2"
      },
      "peerDependenciesMeta": {
        "@deepseek-ai/dsh-settings": {
          "optional": true
        }
      }
    },
    "node_modules/@deepseek-ai/cordis": {
      "version": "4.0.5-alpha.1",
      "resolved": "https://registry.npmjs.org/@deepseek-ai/cordis/-/cordis-4.0.5-alpha.1.tgz",
      "integrity": "sha512-I0akiPAK9EEWO+GMAO0YGbn3/rzg/yopaxohBaG9JHM8dDzGaCZNp3mehjeC66IQL0AyTyDwvgv7v1aB+eMnKQ==",
      "dev": true,
      "license": "MIT",
      "dependencies": {
        "@deepseek-ai/cosmokit": "~1.8.6-alpha.1",
        "@standard-schema/spec": "^1.1.0"
      },
      "bin": {
        "cordis": "bin.js"
      },
      "peerDependencies": {
        "@deepseek-ai/cordis-plugin-include": "~1.0.10-alpha.1",
        "@deepseek-ai/cordis-plugin-loader": "~1.0.6-alpha.1"
      },
      "peerDependenciesMeta": {
        "@deepseek-ai/cordis-plugin-include": {
          "optional": true
        },
        "@deepseek-ai/cordis-plugin-loader": {
          "optional": true
        }
      }
    },
    "node_modules/@deepseek-ai/cosmokit": {
      "version": "1.8.6-alpha.1",
      "resolved": "https://registry.npmjs.org/@deepseek-ai/cosmokit/-/cosmokit-1.8.6-alpha.1.tgz",
      "integrity": "sha512-qtuYVBRu7VrD1jLHvaM5sSShtBVgff/0R5vx57fsHUeeobvvv5TmtnTrs0+h4H263kF3ie25VO70Ija8R1eaow==",
      "license": "MIT"
    },
    "node_modules/@deepseek-ai/dsh-agent": {
      "version": "0.2.1-alpha.2",
      "resolved": "https://registry.npmjs.org/@deepseek-ai/dsh-agent/-/dsh-agent-0.2.1-alpha.2.tgz",
      "integrity": "sha512-G/gqW6Y2Qki+MLUVk22+ni6rwyjkCI6tpzF7EoyTdckrk9C7sjQMrnBh0hbA65sES0DNygxLHfzEQiZjpuWIDA==",
      "dev": true,
      "license": "MIT",
      "peer": true,
      "peerDependencies": {
        "@deepseek-ai/cordis": "~4.0.5-alpha.1",
        "@deepseek-ai/dsh-llm": "0.2.1-alpha.2",
        "@deepseek-ai/dsh-scope": "0.2.1-alpha.2",
        "@deepseek-ai/dsh-session": "0.2.1-alpha.2",
        "@deepseek-ai/dsh-session-projection": "0.2.1-alpha.2",
        "@deepseek-ai/dsh-system-prompt": "0.2.1-alpha.2",
        "@deepseek-ai/dsh-typert-protocol": "0.2.1-alpha.2",
        "@deepseek-ai/dsh-util-values": "0.2.1-alpha.2",
        "@deepseek-ai/dsh-workspace": "0.2.1-alpha.2"
      },
      "peerDependenciesMeta": {
        "@deepseek-ai/dsh-workspace": {
          "optional": true
        }
      }
    },
    "node_modules/@deepseek-ai/dsh-attachment": {
      "version": "0.2.1-alpha.2",
      "resolved": "https://registry.npmjs.org/@deepseek-ai/dsh-attachment/-/dsh-attachment-0.2.1-alpha.2.tgz",
      "integrity": "sha512-O4nn/+YIQ2X0ylrOOx5LKKWtGsezl9zTY/qIec9ugX380yTrzexMWHuRbEG/3jbIxUgXQdjqOwDLmkTVFkY38A==",
      "dev": true,
      "license": "MIT",
      "peer": true,
      "peerDependencies": {
        "@deepseek-ai/cordis": "~4.0.5-alpha.1",
        "@deepseek-ai/dsh-brand": "0.2.1-alpha.2"
      }
    },
    "node_modules/@deepseek-ai/dsh-brand": {
      "version": "0.2.1-alpha.2",
      "resolved": "https://registry.npmjs.org/@deepseek-ai/dsh-brand/-/dsh-brand-0.2.1-alpha.2.tgz",
      "integrity": "sha512-2cpJzyu0IbyRXwZMBSEy+tWxj1OvhgiQwSTY1GlhEcPi+VF0nvT2pJIa/i43kH+0hs48r4tFX/v/tczK6d//Hg==",
      "dev": true,
      "license": "MIT",
      "peer": true,
      "peerDependencies": {
        "@deepseek-ai/cordis": "~4.0.5-alpha.1"
      }
    },
    "node_modules/@deepseek-ai/dsh-fs": {
      "version": "0.2.1-alpha.2",
      "resolved": "https://registry.npmjs.org/@deepseek-ai/dsh-fs/-/dsh-fs-0.2.1-alpha.2.tgz",
      "integrity": "sha512-szwTA36cWXAn/q1XhhFmyactYuGWGedHmfiBAWZPZnMf01TbSRQojpddhWIZBwjq83pf0wefaWVWrTgjTcAK7Q==",
      "dev": true,
      "license": "MIT",
      "peer": true,
      "peerDependencies": {
        "@deepseek-ai/cordis": "~4.0.5-alpha.1",
        "@deepseek-ai/dsh-brand": "0.2.1-alpha.2",
        "@deepseek-ai/dsh-llm": "0.2.1-alpha.2",
        "@deepseek-ai/dsh-sandbox": "0.2.1-alpha.2"
      }
    },
    "node_modules/@deepseek-ai/dsh-http-proxy": {
      "version": "0.2.1-alpha.2",
      "resolved": "https://registry.npmjs.org/@deepseek-ai/dsh-http-proxy/-/dsh-http-proxy-0.2.1-alpha.2.tgz",
      "integrity": "sha512-mlWCPNvZYWv3O7yoAJ/WxY0rdAVWmf2OkicDhBntuJQKfDVanzBz7JjUa+ssp/+0sMpmPWff3kXZwugFvw+n2A==",
      "dev": true,
      "license": "MIT",
      "peer": true,
      "dependencies": {
        "undici": "^8.10.2"
      },
      "peerDependencies": {
        "@deepseek-ai/cordis": "~4.0.5-alpha.1"
      }
    },
    "node_modules/@deepseek-ai/dsh-llm": {
      "version": "0.2.1-alpha.2",
      "resolved": "https://registry.npmjs.org/@deepseek-ai/dsh-llm/-/dsh-llm-0.2.1-alpha.2.tgz",
      "integrity": "sha512-+pUKWsWBZorW3nQLGAC2qEQudFOscKINR0njoPhhFhJsVPuAqLUYF3bf6G4evbMKUF1+Uw901CFHOfwLluljNQ==",
      "dev": true,
      "license": "MIT",
      "peer": true,
      "dependencies": {
        "@deepseek-ai/dsh-brand": "0.2.1-alpha.2",
        "@deepseek-ai/dsh-timeout": "0.2.1-alpha.2",
        "@deepseek-ai/dsh-typert-protocol": "0.2.1-alpha.2",
        "@deepseek-ai/dsh-util-crypto": "0.2.1-alpha.2",
        "@deepseek-ai/dsh-util-values": "0.2.1-alpha.2",
        "@deepseek-ai/schemastery": "~3.18.5-alpha.1",
        "zod": "^4.4.3"
      },
      "peerDependencies": {
        "@deepseek-ai/cordis": "~4.0.5-alpha.1"
      }
    },
    "node_modules/@deepseek-ai/dsh-mcp-client": {
      "version": "0.2.1-alpha.2",
      "resolved": "https://registry.npmjs.org/@deepseek-ai/dsh-mcp-client/-/dsh-mcp-client-0.2.1-alpha.2.tgz",
      "integrity": "sha512-GSsmlUuFZf4nWZC6+N44aSsuFWnRlkv0ysohn+6jV3Tdz31W8Oq026pJoXlJ9RcU/BeOf/+mhTwytYGPP/EUMw==",
      "dev": true,
      "license": "MIT",
      "dependencies": {
        "@deepseek-ai/dsh-util-values": "0.2.1-alpha.2",
        "@deepseek-ai/schemastery": "~3.18.5-alpha.1",
        "@modelcontextprotocol/client": "2.2.0"
      },
      "peerDependencies": {
        "@deepseek-ai/cordis": "~4.0.5-alpha.1",
        "@deepseek-ai/dsh-attachment": "0.2.1-alpha.2",
        "@deepseek-ai/dsh-llm": "0.2.1-alpha.2",
        "@deepseek-ai/dsh-mcp-resources": "0.2.1-alpha.2",
        "@deepseek-ai/dsh-scope": "0.2.1-alpha.2",
        "@deepseek-ai/dsh-subprocess": "0.2.1-alpha.2",
        "@deepseek-ai/dsh-system-prompt": "0.2.1-alpha.2",
        "@deepseek-ai/dsh-timeout": "0.2.1-alpha.2",
        "@deepseek-ai/dsh-tools": "0.2.1-alpha.2"
      },
      "peerDependenciesMeta": {
        "@deepseek-ai/dsh-mcp-resources": {
          "optional": true
        },
        "@deepseek-ai/dsh-system-prompt": {
          "optional": true
        }
      }
    },
    "node_modules/@deepseek-ai/dsh-ptc-runtime": {
      "version": "0.2.1-alpha.2",
      "resolved": "https://registry.npmjs.org/@deepseek-ai/dsh-ptc-runtime/-/dsh-ptc-runtime-0.2.1-alpha.2.tgz",
      "integrity": "sha512-Vd41OzP+KlE4NOi34xcDSbhm/vAMz1Vjy+60jEzX0Vf/pmvg2LNTu7nQPwf81kZOcgtHUOL2ipuRbU6Ciy32yA==",
      "dev": true,
      "license": "MIT",
      "peer": true,
      "peerDependencies": {
        "@deepseek-ai/cordis": "~4.0.5-alpha.1",
        "@deepseek-ai/dsh-sandbox": "0.2.1-alpha.2"
      }
    },
    "node_modules/@deepseek-ai/dsh-sandbox": {
      "version": "0.2.1-alpha.2",
      "resolved": "https://registry.npmjs.org/@deepseek-ai/dsh-sandbox/-/dsh-sandbox-0.2.1-alpha.2.tgz",
      "integrity": "sha512-kCzOlDplb6S19sPQ68OOZfVP7lmeA2mpHN8ihWbI/OG2YODRE4cqLd18rI2FYtQjTlcCEFA4G5HtSNTpJlAWCg==",
      "dev": true,
      "license": "MIT",
      "peer": true,
      "dependencies": {
        "@deepseek-ai/dsh-util-values": "0.2.1-alpha.2"
      },
      "peerDependencies": {
        "@deepseek-ai/cordis": "~4.0.5-alpha.1",
        "@deepseek-ai/dsh-llm": "0.2.1-alpha.2",
        "@deepseek-ai/dsh-session": "0.2.1-alpha.2"
      }
    },
    "node_modules/@deepseek-ai/dsh-sandbox-policy": {
      "version": "0.2.1-alpha.2",
      "resolved": "https://registry.npmjs.org/@deepseek-ai/dsh-sandbox-policy/-/dsh-sandbox-policy-0.2.1-alpha.2.tgz",
      "integrity": "sha512-sKCR7U2EDvyBDUtRpCCmvqIfltNt9MGMI1nG/4fV/ZfFcLV4ll8UIoMIFt4Cj3ba058o/BJTr/yWneC2Z2SfjQ==",
      "dev": true,
      "license": "MIT",
      "peer": true,
      "dependencies": {
        "@deepseek-ai/schemastery": "~3.18.5-alpha.1",
        "zod": "^4.4.3"
      },
      "peerDependencies": {
        "@deepseek-ai/cordis": "~4.0.5-alpha.1",
        "@deepseek-ai/dsh-agent": "0.2.1-alpha.2",
        "@deepseek-ai/dsh-sandbox": "0.2.1-alpha.2",
        "@deepseek-ai/dsh-session": "0.2.1-alpha.2",
        "@deepseek-ai/dsh-session-projection": "0.2.1-alpha.2",
        "@deepseek-ai/dsh-system-prompt": "0.2.1-alpha.2"
      }
    },
    "node_modules/@deepseek-ai/dsh-scope": {
      "version": "0.2.1-alpha.2",
      "resolved": "https://registry.npmjs.org/@deepseek-ai/dsh-scope/-/dsh-scope-0.2.1-alpha.2.tgz",
      "integrity": "sha512-lDS7dKz0qm2TBAwU6cIa0OokJgvPZegdN+wAYZvA4I8wsV3RkHBfctTi+g7Fp2I2iy0C5G0SM4MVtC6JHpXiNw==",
      "dev": true,
      "license": "MIT",
      "peer": true,
      "peerDependencies": {
        "@deepseek-ai/cordis": "~4.0.5-alpha.1"
      }
    },
    "node_modules/@deepseek-ai/dsh-session": {
      "version": "0.2.1-alpha.2",
      "resolved": "https://registry.npmjs.org/@deepseek-ai/dsh-session/-/dsh-session-0.2.1-alpha.2.tgz",
      "integrity": "sha512-xINgQ8XFC40aLxPLBMxAMl3ZkY8NlkasVVrnIio94hZYX+dqw7N63y53vqLU69WKTPEFJ11GdCJq4Yx5Tr2HFA==",
      "dev": true,
      "license": "MIT",
      "peer": true,
      "dependencies": {
        "@deepseek-ai/dsh-brand": "0.2.1-alpha.2",
        "@deepseek-ai/dsh-llm": "0.2.1-alpha.2",
        "@deepseek-ai/dsh-util-values": "0.2.1-alpha.2"
      },
      "peerDependencies": {
        "@deepseek-ai/cordis": "~4.0.5-alpha.1",
        "@deepseek-ai/dsh-scope": "0.2.1-alpha.2"
      }
    },
    "node_modules/@deepseek-ai/dsh-session-projection": {
      "version": "0.2.1-alpha.2",
      "resolved": "https://registry.npmjs.org/@deepseek-ai/dsh-session-projection/-/dsh-session-projection-0.2.1-alpha.2.tgz",
      "integrity": "sha512-rwA8TiXxvoKhPNW63Y42ClqwdiVOWIs80rCpW39S3M1yWi1gnvgtEkqeLx8+cJP08zGrS2MXQpguhoc3PzWSuw==",
      "dev": true,
      "license": "MIT",
      "peer": true,
      "dependencies": {
        "zod": "^4.4.3"
      },
      "peerDependencies": {
        "@deepseek-ai/cordis": "~4.0.5-alpha.1",
        "@deepseek-ai/dsh-session": "0.2.1-alpha.2"
      }
    },
    "node_modules/@deepseek-ai/dsh-subprocess": {
      "version": "0.2.1-alpha.2",
      "resolved": "https://registry.npmjs.org/@deepseek-ai/dsh-subprocess/-/dsh-subprocess-0.2.1-alpha.2.tgz",
      "integrity": "sha512-SxZkbYWqFmlqYvl3uNE3bjcAITdOMj7dg/ATD5tgKme23E0QZR3gtBJcpqaAsNcXHMD7jzIX718R6l+vbe24TQ==",
      "dev": true,
      "license": "MIT",
      "peer": true,
      "peerDependencies": {
        "@deepseek-ai/cordis": "~4.0.5-alpha.1",
        "@deepseek-ai/dsh-http-proxy": "0.2.1-alpha.2"
      }
    },
    "node_modules/@deepseek-ai/dsh-system-prompt": {
      "version": "0.2.1-alpha.2",
      "resolved": "https://registry.npmjs.org/@deepseek-ai/dsh-system-prompt/-/dsh-system-prompt-0.2.1-alpha.2.tgz",
      "integrity": "sha512-3UqSuNpaTQWRSUEE1ygCm83dcJPkhmssmwUTRGB8jufFc3ib/7i6ktqhZZNSUQrrr/d/FQ0dsQ5wo9l/iJSKWA==",
      "dev": true,
      "license": "MIT",
      "peer": true,
      "dependencies": {
        "@deepseek-ai/schemastery": "~3.18.5-alpha.1"
      },
      "peerDependencies": {
        "@deepseek-ai/cordis": "~4.0.5-alpha.1",
        "@deepseek-ai/dsh-llm": "0.2.1-alpha.2",
        "@deepseek-ai/dsh-scope": "0.2.1-alpha.2"
      }
    },
    "node_modules/@deepseek-ai/dsh-timeout": {
      "version": "0.2.1-alpha.2",
      "resolved": "https://registry.npmjs.org/@deepseek-ai/dsh-timeout/-/dsh-timeout-0.2.1-alpha.2.tgz",
      "integrity": "sha512-hgII55C+B2MWnMwP8Nv1BTCh+RbNP14EhzwMfOiwBWK08PdVHi2gdB7ZtbRprps5s2fO2gVXaclgXpnLX05hgw==",
      "dev": true,
      "license": "MIT",
      "peer": true,
      "peerDependencies": {
        "@deepseek-ai/cordis": "~4.0.5-alpha.1"
      }
    },
    "node_modules/@deepseek-ai/dsh-tools": {
      "version": "0.2.1-alpha.2",
      "resolved": "https://registry.npmjs.org/@deepseek-ai/dsh-tools/-/dsh-tools-0.2.1-alpha.2.tgz",
      "integrity": "sha512-IbWShKABOi3ezvICVZsrG7w/mdQBmkHn0AGM4CkkYJxK38OIUELGiFa/JE6PEYO71oZQgm40xZM6kknTbss6vg==",
      "dev": true,
      "license": "MIT",
      "peer": true,
      "dependencies": {
        "@deepseek-ai/dsh-brand": "0.2.1-alpha.2",
        "@deepseek-ai/dsh-util-values": "0.2.1-alpha.2",
        "@deepseek-ai/schemastery": "~3.18.5-alpha.1"
      },
      "peerDependencies": {
        "@deepseek-ai/cordis": "~4.0.5-alpha.1",
        "@deepseek-ai/dsh-agent": "0.2.1-alpha.2",
        "@deepseek-ai/dsh-llm": "0.2.1-alpha.2",
        "@deepseek-ai/dsh-ptc-runtime": "0.2.1-alpha.2",
        "@deepseek-ai/dsh-sandbox": "0.2.1-alpha.2",
        "@deepseek-ai/dsh-sandbox-policy": "0.2.1-alpha.2",
        "@deepseek-ai/dsh-scope": "0.2.1-alpha.2",
        "@deepseek-ai/dsh-session": "0.2.1-alpha.2",
        "@deepseek-ai/dsh-system-prompt": "0.2.1-alpha.2",
        "@deepseek-ai/dsh-user-approval": "0.2.1-alpha.2",
        "@deepseek-ai/dsh-working-directory": "0.2.1-alpha.2"
      }
    },
    "node_modules/@deepseek-ai/dsh-typert-protocol": {
      "version": "0.2.1-alpha.2",
      "resolved": "https://registry.npmjs.org/@deepseek-ai/dsh-typert-protocol/-/dsh-typert-protocol-0.2.1-alpha.2.tgz",
      "integrity": "sha512-L/f22tnjV9LXFOf8CaX5XmEyKXR18oRKP2X3qb/I7NrAxk5uwKZcLHCFU/LXECVXrkm/Q0MPp5iNiREG1rLfzQ==",
      "dev": true,
      "license": "MIT",
      "peer": true,
      "dependencies": {
        "@deepseek-ai/dsh-brand": "0.2.1-alpha.2"
      },
      "peerDependencies": {
        "@deepseek-ai/cordis": "~4.0.5-alpha.1"
      }
    },
    "node_modules/@deepseek-ai/dsh-user-approval": {
      "version": "0.2.1-alpha.2",
      "resolved": "https://registry.npmjs.org/@deepseek-ai/dsh-user-approval/-/dsh-user-approval-0.2.1-alpha.2.tgz",
      "integrity": "sha512-6F/j21eOW2xu4QYeXXFqYTlX1IPskwFiy4bbRdbGMCi5WEmMxgP3ZRJHX4P2GRSdVPHHQyPBLgRVOOTuitGqcw==",
      "dev": true,
      "license": "MIT",
      "peer": true,
      "dependencies": {
        "@deepseek-ai/schemastery": "~3.18.5-alpha.1"
      },
      "peerDependencies": {
        "@deepseek-ai/cordis": "~4.0.5-alpha.1",
        "@deepseek-ai/dsh-agent": "0.2.1-alpha.2",
        "@deepseek-ai/dsh-brand": "0.2.1-alpha.2",
        "@deepseek-ai/dsh-llm": "0.2.1-alpha.2",
        "@deepseek-ai/dsh-scope": "0.2.1-alpha.2",
        "@deepseek-ai/dsh-session": "0.2.1-alpha.2",
        "@deepseek-ai/dsh-system-prompt": "0.2.1-alpha.2"
      }
    },
    "node_modules/@deepseek-ai/dsh-util-crypto": {
      "version": "0.2.1-alpha.2",
      "resolved": "https://registry.npmjs.org/@deepseek-ai/dsh-util-crypto/-/dsh-util-crypto-0.2.1-alpha.2.tgz",
      "integrity": "sha512-Hrm2c1H5ZOGBfviHPSEfPOg+FqagqH7PwGLoB/PVWZztQ2otw31NarPgrzSXO4cVY5fUmuoK8lsMRmgnQzs0FA==",
      "dev": true,
      "license": "MIT",
      "peer": true,
      "peerDependencies": {
        "@deepseek-ai/cordis": "~4.0.5-alpha.1"
      }
    },
    "node_modules/@deepseek-ai/dsh-util-values": {
      "version": "0.2.1-alpha.2",
      "resolved": "https://registry.npmjs.org/@deepseek-ai/dsh-util-values/-/dsh-util-values-0.2.1-alpha.2.tgz",
      "integrity": "sha512-0MoZ0C8rXC+2PyxJER6ZSRfkU21/HbX4Z5oCcdC3b151epcBYQVlP/o8vjqePQAJCZwTrWAEknnJHRMWbVlh0A==",
      "dev": true,
      "license": "MIT",
      "peerDependencies": {
        "@deepseek-ai/cordis": "~4.0.5-alpha.1"
      }
    },
    "node_modules/@deepseek-ai/dsh-working-directory": {
      "version": "0.2.1-alpha.2",
      "resolved": "https://registry.npmjs.org/@deepseek-ai/dsh-working-directory/-/dsh-working-directory-0.2.1-alpha.2.tgz",
      "integrity": "sha512-6ttLaGHK6oJRWzGuKwLKVVvjz3Xkb8Qbwx7w0PPFtKyQcpOAIbFYJV1m/MQztW81Q4Av4Up5bYszKpMfpVCs4g==",
      "dev": true,
      "license": "MIT",
      "peer": true,
      "dependencies": {
        "@deepseek-ai/schemastery": "~3.18.5-alpha.1",
        "zod": "^4.4.3"
      },
      "peerDependencies": {
        "@deepseek-ai/cordis": "~4.0.5-alpha.1",
        "@deepseek-ai/dsh-agent": "0.2.1-alpha.2",
        "@deepseek-ai/dsh-fs": "0.2.1-alpha.2",
        "@deepseek-ai/dsh-llm": "0.2.1-alpha.2",
        "@deepseek-ai/dsh-session": "0.2.1-alpha.2",
        "@deepseek-ai/dsh-session-projection": "0.2.1-alpha.2",
        "@deepseek-ai/dsh-system-prompt": "0.2.1-alpha.2"
      }
    },
    "node_modules/@deepseek-ai/schemastery": {
      "version": "3.18.5-alpha.1",
      "resolved": "https://registry.npmjs.org/@deepseek-ai/schemastery/-/schemastery-3.18.5-alpha.1.tgz",
      "integrity": "sha512-HojoBv1wMQn6N8nDgTgWbc/f4EFAlg/ZsIYN2AChnEDoFOmcWd3+MDzhozNffmywywzV7pcouHRR4x37YZfcjA==",
      "license": "MIT",
      "dependencies": {
        "@deepseek-ai/cosmokit": "~1.8.6-alpha.1",
        "@standard-schema/spec": "^1.1.0"
      }
    },
    "node_modules/@modelcontextprotocol/client": {
      "version": "2.2.0",
      "resolved": "https://registry.npmjs.org/@modelcontextprotocol/client/-/client-2.2.0.tgz",
      "integrity": "sha512-LxCou/CSYQ6dwEnjhLZY0KnEuc8V4UJ3IEQCl/uR2yHobSQIEdJKUlKLRYRF5i5FqRGHy1eK7une3aAWDHLtig==",
      "dev": true,
      "license": "MIT",
      "dependencies": {
        "@modelcontextprotocol/core": "2.2.0",
        "cross-spawn": "^7.0.5",
        "eventsource": "^3.0.2",
        "eventsource-parser": "^3.0.0",
        "jose": "^6.1.3",
        "pkce-challenge": "^5.0.0",
        "zod": "^4.2.0"
      },
      "engines": {
        "node": ">=20"
      }
    },
    "node_modules/@modelcontextprotocol/core": {
      "version": "2.2.0",
      "resolved": "https://registry.npmjs.org/@modelcontextprotocol/core/-/core-2.2.0.tgz",
      "integrity": "sha512-iLhmprRmWI8EcosOA3wVvww22z02NkgqhV4fBH6f/odQBsi7xnJc0HGmi21yWO+/iKw2yzqVE127Zhna5/+JXw==",
      "dev": true,
      "license": "MIT",
      "dependencies": {
        "zod": "^4.2.0"
      },
      "engines": {
        "node": ">=20"
      }
    },
    "node_modules/@standard-schema/spec": {
      "version": "1.1.0",
      "resolved": "https://registry.npmjs.org/@standard-schema/spec/-/spec-1.1.0.tgz",
      "integrity": "sha512-l2aFy5jALhniG5HgqrD6jXLi/rUWrKvqN/qJx6yoJsgKhblVd+iqqU4RCXavm/jPityDo5TCvKMnpjKnOriy0w==",
      "license": "MIT"
    },
    "node_modules/cross-spawn": {
      "version": "7.0.6",
      "resolved": "https://registry.npmjs.org/cross-spawn/-/cross-spawn-7.0.6.tgz",
      "integrity": "sha512-uV2QOWP2nWzsy2aMp8aRibhi9dlzF5Hgh5SHaB9OiTGEyDTiJJyx0uy51QXdyWbtAHNua4XJzUKca3OzKUd3vA==",
      "dev": true,
      "license": "MIT",
      "dependencies": {
        "path-key": "^3.1.0",
        "shebang-command": "^2.0.0",
        "which": "^2.0.1"
      },
      "engines": {
        "node": ">= 8"
      }
    },
    "node_modules/eventsource": {
      "version": "3.0.7",
      "resolved": "https://registry.npmjs.org/eventsource/-/eventsource-3.0.7.tgz",
      "integrity": "sha512-CRT1WTyuQoD771GW56XEZFQ/ZoSfWid1alKGDYMmkt2yl8UXrVR4pspqWNEcqKvVIzg6PAltWjxcSSPrboA4iA==",
      "dev": true,
      "license": "MIT",
      "dependencies": {
        "eventsource-parser": "^3.0.1"
      },
      "engines": {
        "node": ">=18.0.0"
      }
    },
    "node_modules/eventsource-parser": {
      "version": "3.1.1",
      "resolved": "https://registry.npmjs.org/eventsource-parser/-/eventsource-parser-3.1.1.tgz",
      "integrity": "sha512-EKN1vKAMcZ8MlYMpaNuxN6R9yakzH6uajHcHVTqWJzvu5pWw9DyhbP35HH8MVBQ+dZjAfDxk+A8NiR9KWaXiyQ==",
      "dev": true,
      "license": "MIT",
      "engines": {
        "node": ">=18.0.0"
      }
    },
    "node_modules/isexe": {
      "version": "2.0.0",
      "resolved": "https://registry.npmjs.org/isexe/-/isexe-2.0.0.tgz",
      "integrity": "sha512-RHxMLp9lnKHGHRng9QFhRCMbYAcVpn69smSGcq3f36xjgVVWThj4qqLbTLlq7Ssj8B+fIQ1EuCEGI2lKsyQeIw==",
      "dev": true,
      "license": "ISC"
    },
    "node_modules/jose": {
      "version": "6.2.12",
      "resolved": "https://registry.npmjs.org/jose/-/jose-6.2.12.tgz",
      "integrity": "sha512-9NiFmJEex0sy2Dk58j2UGBSHgUs2ypF9eZSu4L6vjOX3Dp96Sw1F3uL+H+D1sx02jZZdzUT0HgvCy59CuvXcWw==",
      "dev": true,
      "license": "MIT",
      "funding": {
        "url": "https://github.com/sponsors/panva"
      }
    },
    "node_modules/path-key": {
      "version": "3.1.1",
      "resolved": "https://registry.npmjs.org/path-key/-/path-key-3.1.1.tgz",
      "integrity": "sha512-ojmeN0qd+y0jszEtoY48r0Peq5dwMEkIlCOu6Q5f41lfkswXuKtYrhgoTpLnyIcHm24Uhqx+5Tqm2InSwLhE6Q==",
      "dev": true,
      "license": "MIT",
      "engines": {
        "node": ">=8"
      }
    },
    "node_modules/pkce-challenge": {
      "version": "5.0.1",
      "resolved": "https://registry.npmjs.org/pkce-challenge/-/pkce-challenge-5.0.1.tgz",
      "integrity": "sha512-wQ0b/W4Fr01qtpHlqSqspcj3EhBvimsdh0KlHhH8HRZnMsEa0ea2fTULOXOS9ccQr3om+GcGRk4e+isrZWV8qQ==",
      "dev": true,
      "license": "MIT",
      "engines": {
        "node": ">=16.20.0"
      }
    },
    "node_modules/shebang-command": {
      "version": "2.0.0",
      "resolved": "https://registry.npmjs.org/shebang-command/-/shebang-command-2.0.0.tgz",
      "integrity": "sha512-kHxr2zZpYtdmrN1qDjrrX/Z1rR1kG8Dx+gkpK1G4eXmvXswmcE1hTWBWYUzlraYw1/yZp6YuDY77YtvbN0dmDA==",
      "dev": true,
      "license": "MIT",
      "dependencies": {
        "shebang-regex": "^3.0.0"
      },
      "engines": {
        "node": ">=8"
      }
    },
    "node_modules/shebang-regex": {
      "version": "3.0.0",
      "resolved": "https://registry.npmjs.org/shebang-regex/-/shebang-regex-3.0.0.tgz",
      "integrity": "sha512-7++dFhtcx3353uBaq8DDR4NuxBetBzC7ZQOhmTQInHEd6bSrXdiEyzCvG07Z44UYdLShWUyXt5M/yhz8ekcb1A==",
      "dev": true,
      "license": "MIT",
      "engines": {
        "node": ">=8"
      }
    },
    "node_modules/undici": {
      "version": "8.11.2",
      "resolved": "https://registry.npmjs.org/undici/-/undici-8.11.2.tgz",
      "integrity": "sha512-u4UB2/IrKdU6lFxumHmmo1a3fCQO5tzQllRorfoRS63txhrB7xTpSn1PftwC4qEHkOaqP95fCWW4lJzwErwzhQ==",
      "license": "MIT",
      "engines": {
        "node": ">=22.19.0"
      }
    },
    "node_modules/which": {
      "version": "2.0.2",
      "resolved": "https://registry.npmjs.org/which/-/which-2.0.2.tgz",
      "integrity": "sha512-BLI3Tl1TW3Pvl70l3yq3Y64i+awpwXqsGBYWkkqMtnbXgrMD+yj7rhW0kuEDxzJaYXGjEW5ogapKNMEKNMjibA==",
      "dev": true,
      "license": "ISC",
      "dependencies": {
        "isexe": "^2.0.0"
      },
      "bin": {
        "node-which": "bin/node-which"
      },
      "engines": {
        "node": ">= 8"
      }
    },
    "node_modules/zod": {
      "version": "4.6.5",
      "resolved": "https://registry.npmjs.org/zod/-/zod-4.6.5.tgz",
      "integrity": "sha512-v5l/aFXZQeai4awLbOpSoHecE9UiMrnfx75tEXLjNonXVARxQ5mOeipTjROUchszUNCqnE+hqAMujRsRHsut2Q==",
      "dev": true,
      "license": "MIT",
      "funding": {
        "url": "https://github.com/sponsors/colinhacks"
      }
    }
  }
}
